
Microsoft Visual Studio Solution File, Format Version 11.00
# Visual Studio 2010
Project("{2150E333-8FDC-42A3-9474-1A3956D46DE8}") = "Solution Items", "Solution Items", "{C9E921D6-8EB9-44A6-BFF2-E4C8AA8E00B3}"
	ProjectSection(SolutionItems) = preProject
		Automation.vsmdi = Automation.vsmdi
		buildVirtualBoxAPI.bat = buildVirtualBoxAPI.bat
		Local.testsettings = Local.testsettings
		TraceAndTestImpact.testsettings = TraceAndTestImpact.testsettings
	EndProjectSection
EndProject
Project("{FAE04EC0-301F-11D3-BF4B-00C04F79EFBC}") = "Automation", "Automation.csproj", "{05AFC565-07D1-4A08-B938-C26C5CBAB08E}"
EndProject
Project("{FAE04EC0-301F-11D3-BF4B-00C04F79EFBC}") = "MouseCoordinates", "..\MouseCoordinates\MouseCoordinates.csproj", "{4D612802-2121-4D63-84F1-D1810206967D}"
EndProject
Project("{FAE04EC0-301F-11D3-BF4B-00C04F79EFBC}") = "Activity", "..\Activity\Activity.csproj", "{BCF24C4B-7DB3-4B0B-B384-E8F4BD753ADD}"
EndProject
Project("{FAE04EC0-301F-11D3-BF4B-00C04F79EFBC}") = "Utils", "..\Utils\Utils.csproj", "{C6CC6DED-F1C1-4040-B089-97BDF9EA9217}"
EndProject
Project("{FAE04EC0-301F-11D3-BF4B-00C04F79EFBC}") = "UnitTest", "UnitTest\UnitTest.csproj", "{06588533-0247-4B57-99EF-9E3B3EEF7A54}"
EndProject
Project("{FAE04EC0-301F-11D3-BF4B-00C04F79EFBC}") = "Constants", "..\Constants\Constants.csproj", "{582B8675-9AE7-48C8-9109-1031EDA2EAC8}"
EndProject
Global
	GlobalSection(TestCaseManagementSettings) = postSolution
		CategoryFile = Automation.vsmdi
	EndGlobalSection
	GlobalSection(SolutionConfigurationPlatforms) = preSolution
		Debug|Any CPU = Debug|Any CPU
		Debug|x86 = Debug|x86
		Release|Any CPU = Release|Any CPU
		Release|x86 = Release|x86
	EndGlobalSection
	GlobalSection(ProjectConfigurationPlatforms) = postSolution
		{05AFC565-07D1-4A08-B938-C26C5CBAB08E}.Debug|Any CPU.ActiveCfg = Debug|Any CPU
		{05AFC565-07D1-4A08-B938-C26C5CBAB08E}.Debug|Any CPU.Build.0 = Debug|Any CPU
		{05AFC565-07D1-4A08-B938-C26C5CBAB08E}.Debug|x86.ActiveCfg = Debug|x86
		{05AFC565-07D1-4A08-B938-C26C5CBAB08E}.Debug|x86.Build.0 = Debug|x86
		{05AFC565-07D1-4A08-B938-C26C5CBAB08E}.Release|Any CPU.ActiveCfg = Release|Any CPU
		{05AFC565-07D1-4A08-B938-C26C5CBAB08E}.Release|Any CPU.Build.0 = Release|Any CPU
		{05AFC565-07D1-4A08-B938-C26C5CBAB08E}.Release|x86.ActiveCfg = Release|x86
		{05AFC565-07D1-4A08-B938-C26C5CBAB08E}.Release|x86.Build.0 = Release|x86
		{4D612802-2121-4D63-84F1-D1810206967D}.Debug|Any CPU.ActiveCfg = Debug|Any CPU
		{4D612802-2121-4D63-84F1-D1810206967D}.Debug|Any CPU.Build.0 = Debug|Any CPU
		{4D612802-2121-4D63-84F1-D1810206967D}.Debug|x86.ActiveCfg = Debug|Any CPU
		{4D612802-2121-4D63-84F1-D1810206967D}.Release|Any CPU.ActiveCfg = Release|Any CPU
		{4D612802-2121-4D63-84F1-D1810206967D}.Release|Any CPU.Build.0 = Release|Any CPU
		{4D612802-2121-4D63-84F1-D1810206967D}.Release|x86.ActiveCfg = Release|Any CPU
		{BCF24C4B-7DB3-4B0B-B384-E8F4BD753ADD}.Debug|Any CPU.ActiveCfg = Debug|Any CPU
		{BCF24C4B-7DB3-4B0B-B384-E8F4BD753ADD}.Debug|Any CPU.Build.0 = Debug|Any CPU
		{BCF24C4B-7DB3-4B0B-B384-E8F4BD753ADD}.Debug|x86.ActiveCfg = Debug|Any CPU
		{BCF24C4B-7DB3-4B0B-B384-E8F4BD753ADD}.Release|Any CPU.ActiveCfg = Release|Any CPU
		{BCF24C4B-7DB3-4B0B-B384-E8F4BD753ADD}.Release|Any CPU.Build.0 = Release|Any CPU
		{BCF24C4B-7DB3-4B0B-B384-E8F4BD753ADD}.Release|x86.ActiveCfg = Release|Any CPU
		{C6CC6DED-F1C1-4040-B089-97BDF9EA9217}.Debug|Any CPU.ActiveCfg = Debug|Any CPU
		{C6CC6DED-F1C1-4040-B089-97BDF9EA9217}.Debug|Any CPU.Build.0 = Debug|Any CPU
		{C6CC6DED-F1C1-4040-B089-97BDF9EA9217}.Debug|x86.ActiveCfg = Debug|Any CPU
		{C6CC6DED-F1C1-4040-B089-97BDF9EA9217}.Release|Any CPU.ActiveCfg = Release|Any CPU
		{C6CC6DED-F1C1-4040-B089-97BDF9EA9217}.Release|Any CPU.Build.0 = Release|Any CPU
		{C6CC6DED-F1C1-4040-B089-97BDF9EA9217}.Release|x86.ActiveCfg = Release|Any CPU
		{06588533-0247-4B57-99EF-9E3B3EEF7A54}.Debug|Any CPU.ActiveCfg = Debug|Any CPU
		{06588533-0247-4B57-99EF-9E3B3EEF7A54}.Debug|Any CPU.Build.0 = Debug|Any CPU
		{06588533-0247-4B57-99EF-9E3B3EEF7A54}.Debug|x86.ActiveCfg = Debug|Any CPU
		{06588533-0247-4B57-99EF-9E3B3EEF7A54}.Release|Any CPU.ActiveCfg = Release|Any CPU
		{06588533-0247-4B57-99EF-9E3B3EEF7A54}.Release|Any CPU.Build.0 = Release|Any CPU
		{06588533-0247-4B57-99EF-9E3B3EEF7A54}.Release|x86.ActiveCfg = Release|Any CPU
		{582B8675-9AE7-48C8-9109-1031EDA2EAC8}.Debug|Any CPU.ActiveCfg = Debug|Any CPU
		{582B8675-9AE7-48C8-9109-1031EDA2EAC8}.Debug|Any CPU.Build.0 = Debug|Any CPU
		{582B8675-9AE7-48C8-9109-1031EDA2EAC8}.Debug|x86.ActiveCfg = Debug|Any CPU
		{582B8675-9AE7-48C8-9109-1031EDA2EAC8}.Release|Any CPU.ActiveCfg = Release|Any CPU
		{582B8675-9AE7-48C8-9109-1031EDA2EAC8}.Release|Any CPU.Build.0 = Release|Any CPU
		{582B8675-9AE7-48C8-9109-1031EDA2EAC8}.Release|x86.ActiveCfg = Release|Any CPU
	EndGlobalSection
	GlobalSection(SolutionProperties) = preSolution
		HideSolutionNode = FALSE
	EndGlobalSection
EndGlobal
